
Microsoft Visual Studio Solution File, Format Version 12.00
# Visual Studio Version 16
VisualStudioVersion = 16.0.31702.278
MinimumVisualStudioVersion = 10.0.40219.1
Project("{FAE04EC0-301F-11D3-BF4B-00C04F79EFBC}") = "Ну рванули", "Ну рванули.csproj", "{F483D698-3272-421D-8964-07BD446A525F}"
EndProject
Global
	GlobalSection(SolutionConfigurationPlatforms) = preSolution
		Debug|Any CPU = Debug|Any CPU
		Release|Any CPU = Release|Any CPU
	EndGlobalSection
	GlobalSection(ProjectConfigurationPlatforms) = postSolution
		{F483D698-3272-421D-8964-07BD446A525F}.Debug|Any CPU.ActiveCfg = Debug|Any CPU
		{F483D698-3272-421D-8964-07BD446A525F}.Debug|Any CPU.Build.0 = Debug|Any CPU
		{F483D698-3272-421D-8964-07BD446A525F}.Release|Any CPU.ActiveCfg = Release|Any CPU
		{F483D698-3272-421D-8964-07BD446A525F}.Release|Any CPU.Build.0 = Release|Any CPU
	EndGlobalSection
	GlobalSection(SolutionProperties) = preSolution
		HideSolutionNode = FALSE
	EndGlobalSection
	GlobalSection(ExtensibilityGlobals) = postSolution
		SolutionGuid = {94547F6D-556C-4EEF-A24E-97AEA973D0A7}
	EndGlobalSection
EndGlobal
